
Microsoft Visual Studio Solution File, Format Version 12.00
# Visual Studio Version 16
VisualStudioVersion = 16.0.30002.166
MinimumVisualStudioVersion = 10.0.40219.1
Project("{FAE04EC0-301F-11D3-BF4B-00C04F79EFBC}") = "WpfMailSender", "WpfMailSender\WpfMailSender.csproj", "{768E59FD-3023-4BE4-8B3D-4FE1E0C0D848}"
EndProject
Project("{FAE04EC0-301F-11D3-BF4B-00C04F79EFBC}") = "CodePasswordDLL", "CodePasswordDLL\CodePasswordDLL.csproj", "{7A0B7815-B805-4C06-91EE-0D77EBC039E6}"
EndProject
Project("{FAE04EC0-301F-11D3-BF4B-00C04F79EFBC}") = "TabSwitcher", "TabSwitcher\TabSwitcher.csproj", "{70153242-E3C7-44FE-95EF-814DC93F459B}"
EndProject
Global
	GlobalSection(SolutionConfigurationPlatforms) = preSolution
		Debug|Any CPU = Debug|Any CPU
		Release|Any CPU = Release|Any CPU
	EndGlobalSection
	GlobalSection(ProjectConfigurationPlatforms) = postSolution
		{768E59FD-3023-4BE4-8B3D-4FE1E0C0D848}.Debug|Any CPU.ActiveCfg = Debug|Any CPU
		{768E59FD-3023-4BE4-8B3D-4FE1E0C0D848}.Debug|Any CPU.Build.0 = Debug|Any CPU
		{768E59FD-3023-4BE4-8B3D-4FE1E0C0D848}.Release|Any CPU.ActiveCfg = Release|Any CPU
		{768E59FD-3023-4BE4-8B3D-4FE1E0C0D848}.Release|Any CPU.Build.0 = Release|Any CPU
		{7A0B7815-B805-4C06-91EE-0D77EBC039E6}.Debug|Any CPU.ActiveCfg = Debug|Any CPU
		{7A0B7815-B805-4C06-91EE-0D77EBC039E6}.Debug|Any CPU.Build.0 = Debug|Any CPU
		{7A0B7815-B805-4C06-91EE-0D77EBC039E6}.Release|Any CPU.ActiveCfg = Release|Any CPU
		{7A0B7815-B805-4C06-91EE-0D77EBC039E6}.Release|Any CPU.Build.0 = Release|Any CPU
		{70153242-E3C7-44FE-95EF-814DC93F459B}.Debug|Any CPU.ActiveCfg = Debug|Any CPU
		{70153242-E3C7-44FE-95EF-814DC93F459B}.Debug|Any CPU.Build.0 = Debug|Any CPU
		{70153242-E3C7-44FE-95EF-814DC93F459B}.Release|Any CPU.ActiveCfg = Release|Any CPU
		{70153242-E3C7-44FE-95EF-814DC93F459B}.Release|Any CPU.Build.0 = Release|Any CPU
	EndGlobalSection
	GlobalSection(SolutionProperties) = preSolution
		HideSolutionNode = FALSE
	EndGlobalSection
	GlobalSection(ExtensibilityGlobals) = postSolution
		SolutionGuid = {8E291E24-3D4F-4BBD-A960-4B002B2BD41A}
	EndGlobalSection
EndGlobal
