
Microsoft Visual Studio Solution File, Format Version 12.00
# Visual Studio Version 16
VisualStudioVersion = 16.0.30002.166
MinimumVisualStudioVersion = 10.0.40219.1
Project("{FAE04EC0-301F-11D3-BF4B-00C04F79EFBC}") = "WpfMailSender", "WpfMailSender\WpfMailSender.csproj", "{768E59FD-3023-4BE4-8B3D-4FE1E0C0D848}"
EndProject
Project("{FAE04EC0-301F-11D3-BF4B-00C04F79EFBC}") = "CodePasswordDLL", "CodePasswordDLL\CodePasswordDLL.csproj", "{7A0B7815-B805-4C06-91EE-0D77EBC039E6}"
EndProject
Project("{FAE04EC0-301F-11D3-BF4B-00C04F79EFBC}") = "TabSwitcher", "TabSwitcher\TabSwitcher.csproj", "{70153242-E3C7-44FE-95EF-814DC93F459B}"
EndProject
Project("{FAE04EC0-301F-11D3-BF4B-00C04F79EFBC}") = "EmailSendServiceDLL", "EmailSendServiceDLL\EmailSendServiceDLL.csproj", "{31702249-D186-4797-A849-7EB3392B860D}"
EndProject
Project("{FAE04EC0-301F-11D3-BF4B-00C04F79EFBC}") = "LetterSettingsSelector", "LetterSettingsSelector\LetterSettingsSelector.csproj", "{F36BA9B5-AFD3-44EA-9735-5658F2BA6D0A}"
EndProject
Project("{FAE04EC0-301F-11D3-BF4B-00C04F79EFBC}") = "CodePasswordDLL.Tests", "CodePasswordDLL.Tests\CodePasswordDLL.Tests.csproj", "{EFCACBA5-1558-45CD-8148-D37F81235502}"
EndProject
Project("{FAE04EC0-301F-11D3-BF4B-00C04F79EFBC}") = "WpfMailSenderTests", "WpfMailSenderTests\WpfMailSenderTests.csproj", "{83626D8A-0B04-486D-8092-3E3789E3FB76}"
EndProject
Project("{FAE04EC0-301F-11D3-BF4B-00C04F79EFBC}") = "ListViewItemScheduler", "ListViewItemScheduler\ListViewItemScheduler.csproj", "{8A44101F-7F38-45EC-87FC-0BED4B639636}"
EndProject
Project("{FAE04EC0-301F-11D3-BF4B-00C04F79EFBC}") = "EmailsToWord", "EmailsToWord\EmailsToWord.csproj", "{2DB28319-5DEC-4D0B-9676-DA747BF99ED0}"
EndProject
Global
	GlobalSection(SolutionConfigurationPlatforms) = preSolution
		Debug|Any CPU = Debug|Any CPU
		Release|Any CPU = Release|Any CPU
	EndGlobalSection
	GlobalSection(ProjectConfigurationPlatforms) = postSolution
		{768E59FD-3023-4BE4-8B3D-4FE1E0C0D848}.Debug|Any CPU.ActiveCfg = Debug|Any CPU
		{768E59FD-3023-4BE4-8B3D-4FE1E0C0D848}.Debug|Any CPU.Build.0 = Debug|Any CPU
		{768E59FD-3023-4BE4-8B3D-4FE1E0C0D848}.Release|Any CPU.ActiveCfg = Release|Any CPU
		{768E59FD-3023-4BE4-8B3D-4FE1E0C0D848}.Release|Any CPU.Build.0 = Release|Any CPU
		{7A0B7815-B805-4C06-91EE-0D77EBC039E6}.Debug|Any CPU.ActiveCfg = Debug|Any CPU
		{7A0B7815-B805-4C06-91EE-0D77EBC039E6}.Debug|Any CPU.Build.0 = Debug|Any CPU
		{7A0B7815-B805-4C06-91EE-0D77EBC039E6}.Release|Any CPU.ActiveCfg = Release|Any CPU
		{7A0B7815-B805-4C06-91EE-0D77EBC039E6}.Release|Any CPU.Build.0 = Release|Any CPU
		{70153242-E3C7-44FE-95EF-814DC93F459B}.Debug|Any CPU.ActiveCfg = Debug|Any CPU
		{70153242-E3C7-44FE-95EF-814DC93F459B}.Debug|Any CPU.Build.0 = Debug|Any CPU
		{70153242-E3C7-44FE-95EF-814DC93F459B}.Release|Any CPU.ActiveCfg = Release|Any CPU
		{70153242-E3C7-44FE-95EF-814DC93F459B}.Release|Any CPU.Build.0 = Release|Any CPU
		{31702249-D186-4797-A849-7EB3392B860D}.Debug|Any CPU.ActiveCfg = Debug|Any CPU
		{31702249-D186-4797-A849-7EB3392B860D}.Debug|Any CPU.Build.0 = Debug|Any CPU
		{31702249-D186-4797-A849-7EB3392B860D}.Release|Any CPU.ActiveCfg = Release|Any CPU
		{31702249-D186-4797-A849-7EB3392B860D}.Release|Any CPU.Build.0 = Release|Any CPU
		{F36BA9B5-AFD3-44EA-9735-5658F2BA6D0A}.Debug|Any CPU.ActiveCfg = Debug|Any CPU
		{F36BA9B5-AFD3-44EA-9735-5658F2BA6D0A}.Debug|Any CPU.Build.0 = Debug|Any CPU
		{F36BA9B5-AFD3-44EA-9735-5658F2BA6D0A}.Release|Any CPU.ActiveCfg = Release|Any CPU
		{F36BA9B5-AFD3-44EA-9735-5658F2BA6D0A}.Release|Any CPU.Build.0 = Release|Any CPU
		{EFCACBA5-1558-45CD-8148-D37F81235502}.Debug|Any CPU.ActiveCfg = Debug|Any CPU
		{EFCACBA5-1558-45CD-8148-D37F81235502}.Debug|Any CPU.Build.0 = Debug|Any CPU
		{EFCACBA5-1558-45CD-8148-D37F81235502}.Release|Any CPU.ActiveCfg = Release|Any CPU
		{EFCACBA5-1558-45CD-8148-D37F81235502}.Release|Any CPU.Build.0 = Release|Any CPU
		{83626D8A-0B04-486D-8092-3E3789E3FB76}.Debug|Any CPU.ActiveCfg = Debug|Any CPU
		{83626D8A-0B04-486D-8092-3E3789E3FB76}.Debug|Any CPU.Build.0 = Debug|Any CPU
		{83626D8A-0B04-486D-8092-3E3789E3FB76}.Release|Any CPU.ActiveCfg = Release|Any CPU
		{83626D8A-0B04-486D-8092-3E3789E3FB76}.Release|Any CPU.Build.0 = Release|Any CPU
		{8A44101F-7F38-45EC-87FC-0BED4B639636}.Debug|Any CPU.ActiveCfg = Debug|Any CPU
		{8A44101F-7F38-45EC-87FC-0BED4B639636}.Debug|Any CPU.Build.0 = Debug|Any CPU
		{8A44101F-7F38-45EC-87FC-0BED4B639636}.Release|Any CPU.ActiveCfg = Release|Any CPU
		{8A44101F-7F38-45EC-87FC-0BED4B639636}.Release|Any CPU.Build.0 = Release|Any CPU
		{2DB28319-5DEC-4D0B-9676-DA747BF99ED0}.Debug|Any CPU.ActiveCfg = Debug|Any CPU
		{2DB28319-5DEC-4D0B-9676-DA747BF99ED0}.Debug|Any CPU.Build.0 = Debug|Any CPU
		{2DB28319-5DEC-4D0B-9676-DA747BF99ED0}.Release|Any CPU.ActiveCfg = Release|Any CPU
		{2DB28319-5DEC-4D0B-9676-DA747BF99ED0}.Release|Any CPU.Build.0 = Release|Any CPU
	EndGlobalSection
	GlobalSection(SolutionProperties) = preSolution
		HideSolutionNode = FALSE
	EndGlobalSection
	GlobalSection(ExtensibilityGlobals) = postSolution
		SolutionGuid = {8E291E24-3D4F-4BBD-A960-4B002B2BD41A}
	EndGlobalSection
EndGlobal
